
Microsoft Visual Studio Solution File, Format Version 12.00
# Visual Studio Version 17
VisualStudioVersion = 17.5.002.0
MinimumVisualStudioVersion = 10.0.40219.1
Project("{2150E333-8FDC-42A3-9474-1A3956D46DE8}") = "sandbox", "sandbox", "{FAB577F7-3055-429C-ADAF-3C50881960D9}"
EndProject
Project("{9A19103F-16F7-4668-BE54-9A1E7A4F7556}") = "sandbox_project", "sandbox\sandbox_project\sandbox_project.csproj", "{282BE305-45AD-4B8F-BE3D-D89E2403BE8D}"
EndProject
Project("{2150E333-8FDC-42A3-9474-1A3956D46DE8}") = "week01", "week01", "{6C9086ED-2A0D-4DCA-A2C6-1AEC9A0D4653}"
EndProject
Project("{9A19103F-16F7-4668-BE54-9A1E7A4F7556}") = "analyze", "week01\analyze\analyze.csproj", "{4315F742-E4E7-4500-813E-0F51425FCB46}"
EndProject
Project("{9A19103F-16F7-4668-BE54-9A1E7A4F7556}") = "code", "week01\code\code.csproj", "{18F48C82-2445-413D-851F-7094A77067ED}"
EndProject
Project("{9A19103F-16F7-4668-BE54-9A1E7A4F7556}") = "teach", "week01\teach\teach.csproj", "{7E7F4405-56D9-4A9B-A5A7-5134B05EBDEB}"
EndProject
Project("{2150E333-8FDC-42A3-9474-1A3956D46DE8}") = "week02", "week02", "{D55C8A33-AB3D-49CF-A248-70E34C031CFE}"
EndProject
Project("{9A19103F-16F7-4668-BE54-9A1E7A4F7556}") = "analyze", "week02\analyze\analyze.csproj", "{E458FBF7-6F9B-4063-B7CF-7F38D4D2CE13}"
EndProject
Project("{9A19103F-16F7-4668-BE54-9A1E7A4F7556}") = "code", "week02\code\code.csproj", "{DEF9D9F7-8DC1-473E-9117-796605A475AF}"
EndProject
Project("{9A19103F-16F7-4668-BE54-9A1E7A4F7556}") = "learn", "week02\learn\learn.csproj", "{927EF0E1-0425-4574-8E98-2245EEDA3042}"
EndProject
Project("{9A19103F-16F7-4668-BE54-9A1E7A4F7556}") = "teach", "week02\teach\teach.csproj", "{9AF7663C-098A-4B8B-9F0B-31B7018A30A6}"
EndProject
Project("{2150E333-8FDC-42A3-9474-1A3956D46DE8}") = "week03", "week03", "{FA6E5EEC-C42B-4BBC-9B51-49D90B3A86A8}"
EndProject
Project("{9A19103F-16F7-4668-BE54-9A1E7A4F7556}") = "code", "week03\code\code.csproj", "{B7BEAC32-B1F3-4B54-B7D6-2D0BDD881914}"
EndProject
Project("{9A19103F-16F7-4668-BE54-9A1E7A4F7556}") = "learn", "week03\learn\learn.csproj", "{5A9DBDE6-AEAD-4F4B-B322-D7D2BC484C0D}"
EndProject
Project("{9A19103F-16F7-4668-BE54-9A1E7A4F7556}") = "teach", "week03\teach\teach.csproj", "{6EF6C455-63AE-4A50-A9D6-A38AD9D7223E}"
EndProject
Project("{2150E333-8FDC-42A3-9474-1A3956D46DE8}") = "week04", "week04", "{1F4020BE-FB99-487B-BC0C-B6174B95A603}"
EndProject
Project("{9A19103F-16F7-4668-BE54-9A1E7A4F7556}") = "code", "week04\code\code.csproj", "{5497EC99-30FA-4D60-9323-64ED8186FA4E}"
EndProject
Project("{2150E333-8FDC-42A3-9474-1A3956D46DE8}") = "week05", "week05", "{C11C9DCD-4B42-45CD-B6F4-86D4E37B2BAA}"
EndProject
Project("{9A19103F-16F7-4668-BE54-9A1E7A4F7556}") = "code", "week05\code\code.csproj", "{A93C6B4E-C57F-43C2-8D1B-2EF09AD25C43}"
EndProject
Project("{2150E333-8FDC-42A3-9474-1A3956D46DE8}") = "week06", "week06", "{23657B9B-CE5F-4F20-B8B3-4A398ED5E566}"
EndProject
Project("{9A19103F-16F7-4668-BE54-9A1E7A4F7556}") = "code", "week06\code\code.csproj", "{03139CBF-A089-4E24-BDFC-4D507FAAC996}"
EndProject
Global
	GlobalSection(SolutionConfigurationPlatforms) = preSolution
		Debug|Any CPU = Debug|Any CPU
		Release|Any CPU = Release|Any CPU
	EndGlobalSection
	GlobalSection(ProjectConfigurationPlatforms) = postSolution
		{282BE305-45AD-4B8F-BE3D-D89E2403BE8D}.Debug|Any CPU.ActiveCfg = Debug|Any CPU
		{282BE305-45AD-4B8F-BE3D-D89E2403BE8D}.Debug|Any CPU.Build.0 = Debug|Any CPU
		{282BE305-45AD-4B8F-BE3D-D89E2403BE8D}.Release|Any CPU.ActiveCfg = Release|Any CPU
		{282BE305-45AD-4B8F-BE3D-D89E2403BE8D}.Release|Any CPU.Build.0 = Release|Any CPU
		{4315F742-E4E7-4500-813E-0F51425FCB46}.Debug|Any CPU.ActiveCfg = Debug|Any CPU
		{4315F742-E4E7-4500-813E-0F51425FCB46}.Debug|Any CPU.Build.0 = Debug|Any CPU
		{4315F742-E4E7-4500-813E-0F51425FCB46}.Release|Any CPU.ActiveCfg = Release|Any CPU
		{4315F742-E4E7-4500-813E-0F51425FCB46}.Release|Any CPU.Build.0 = Release|Any CPU
		{18F48C82-2445-413D-851F-7094A77067ED}.Debug|Any CPU.ActiveCfg = Debug|Any CPU
		{18F48C82-2445-413D-851F-7094A77067ED}.Debug|Any CPU.Build.0 = Debug|Any CPU
		{18F48C82-2445-413D-851F-7094A77067ED}.Release|Any CPU.ActiveCfg = Release|Any CPU
		{18F48C82-2445-413D-851F-7094A77067ED}.Release|Any CPU.Build.0 = Release|Any CPU
		{7E7F4405-56D9-4A9B-A5A7-5134B05EBDEB}.Debug|Any CPU.ActiveCfg = Debug|Any CPU
		{7E7F4405-56D9-4A9B-A5A7-5134B05EBDEB}.Debug|Any CPU.Build.0 = Debug|Any CPU
		{7E7F4405-56D9-4A9B-A5A7-5134B05EBDEB}.Release|Any CPU.ActiveCfg = Release|Any CPU
		{7E7F4405-56D9-4A9B-A5A7-5134B05EBDEB}.Release|Any CPU.Build.0 = Release|Any CPU
		{E458FBF7-6F9B-4063-B7CF-7F38D4D2CE13}.Debug|Any CPU.ActiveCfg = Debug|Any CPU
		{E458FBF7-6F9B-4063-B7CF-7F38D4D2CE13}.Debug|Any CPU.Build.0 = Debug|Any CPU
		{E458FBF7-6F9B-4063-B7CF-7F38D4D2CE13}.Release|Any CPU.ActiveCfg = Release|Any CPU
		{E458FBF7-6F9B-4063-B7CF-7F38D4D2CE13}.Release|Any CPU.Build.0 = Release|Any CPU
		{DEF9D9F7-8DC1-473E-9117-796605A475AF}.Debug|Any CPU.ActiveCfg = Debug|Any CPU
		{DEF9D9F7-8DC1-473E-9117-796605A475AF}.Debug|Any CPU.Build.0 = Debug|Any CPU
		{DEF9D9F7-8DC1-473E-9117-796605A475AF}.Release|Any CPU.ActiveCfg = Release|Any CPU
		{DEF9D9F7-8DC1-473E-9117-796605A475AF}.Release|Any CPU.Build.0 = Release|Any CPU
		{927EF0E1-0425-4574-8E98-2245EEDA3042}.Debug|Any CPU.ActiveCfg = Debug|Any CPU
		{927EF0E1-0425-4574-8E98-2245EEDA3042}.Debug|Any CPU.Build.0 = Debug|Any CPU
		{927EF0E1-0425-4574-8E98-2245EEDA3042}.Release|Any CPU.ActiveCfg = Release|Any CPU
		{927EF0E1-0425-4574-8E98-2245EEDA3042}.Release|Any CPU.Build.0 = Release|Any CPU
		{9AF7663C-098A-4B8B-9F0B-31B7018A30A6}.Debug|Any CPU.ActiveCfg = Debug|Any CPU
		{9AF7663C-098A-4B8B-9F0B-31B7018A30A6}.Debug|Any CPU.Build.0 = Debug|Any CPU
		{9AF7663C-098A-4B8B-9F0B-31B7018A30A6}.Release|Any CPU.ActiveCfg = Release|Any CPU
		{9AF7663C-098A-4B8B-9F0B-31B7018A30A6}.Release|Any CPU.Build.0 = Release|Any CPU
		{B7BEAC32-B1F3-4B54-B7D6-2D0BDD881914}.Debug|Any CPU.ActiveCfg = Debug|Any CPU
		{B7BEAC32-B1F3-4B54-B7D6-2D0BDD881914}.Debug|Any CPU.Build.0 = Debug|Any CPU
		{B7BEAC32-B1F3-4B54-B7D6-2D0BDD881914}.Release|Any CPU.ActiveCfg = Release|Any CPU
		{B7BEAC32-B1F3-4B54-B7D6-2D0BDD881914}.Release|Any CPU.Build.0 = Release|Any CPU
		{5A9DBDE6-AEAD-4F4B-B322-D7D2BC484C0D}.Debug|Any CPU.ActiveCfg = Debug|Any CPU
		{5A9DBDE6-AEAD-4F4B-B322-D7D2BC484C0D}.Debug|Any CPU.Build.0 = Debug|Any CPU
		{5A9DBDE6-AEAD-4F4B-B322-D7D2BC484C0D}.Release|Any CPU.ActiveCfg = Release|Any CPU
		{5A9DBDE6-AEAD-4F4B-B322-D7D2BC484C0D}.Release|Any CPU.Build.0 = Release|Any CPU
		{6EF6C455-63AE-4A50-A9D6-A38AD9D7223E}.Debug|Any CPU.ActiveCfg = Debug|Any CPU
		{6EF6C455-63AE-4A50-A9D6-A38AD9D7223E}.Debug|Any CPU.Build.0 = Debug|Any CPU
		{6EF6C455-63AE-4A50-A9D6-A38AD9D7223E}.Release|Any CPU.ActiveCfg = Release|Any CPU
		{6EF6C455-63AE-4A50-A9D6-A38AD9D7223E}.Release|Any CPU.Build.0 = Release|Any CPU
		{5497EC99-30FA-4D60-9323-64ED8186FA4E}.Debug|Any CPU.ActiveCfg = Debug|Any CPU
		{5497EC99-30FA-4D60-9323-64ED8186FA4E}.Debug|Any CPU.Build.0 = Debug|Any CPU
		{5497EC99-30FA-4D60-9323-64ED8186FA4E}.Release|Any CPU.ActiveCfg = Release|Any CPU
		{5497EC99-30FA-4D60-9323-64ED8186FA4E}.Release|Any CPU.Build.0 = Release|Any CPU
		{A93C6B4E-C57F-43C2-8D1B-2EF09AD25C43}.Debug|Any CPU.ActiveCfg = Debug|Any CPU
		{A93C6B4E-C57F-43C2-8D1B-2EF09AD25C43}.Debug|Any CPU.Build.0 = Debug|Any CPU
		{A93C6B4E-C57F-43C2-8D1B-2EF09AD25C43}.Release|Any CPU.ActiveCfg = Release|Any CPU
		{A93C6B4E-C57F-43C2-8D1B-2EF09AD25C43}.Release|Any CPU.Build.0 = Release|Any CPU
		{03139CBF-A089-4E24-BDFC-4D507FAAC996}.Debug|Any CPU.ActiveCfg = Debug|Any CPU
		{03139CBF-A089-4E24-BDFC-4D507FAAC996}.Debug|Any CPU.Build.0 = Debug|Any CPU
		{03139CBF-A089-4E24-BDFC-4D507FAAC996}.Release|Any CPU.ActiveCfg = Release|Any CPU
		{03139CBF-A089-4E24-BDFC-4D507FAAC996}.Release|Any CPU.Build.0 = Release|Any CPU
	EndGlobalSection
	GlobalSection(SolutionProperties) = preSolution
		HideSolutionNode = FALSE
	EndGlobalSection
	GlobalSection(NestedProjects) = preSolution
		{282BE305-45AD-4B8F-BE3D-D89E2403BE8D} = {FAB577F7-3055-429C-ADAF-3C50881960D9}
		{4315F742-E4E7-4500-813E-0F51425FCB46} = {6C9086ED-2A0D-4DCA-A2C6-1AEC9A0D4653}
		{18F48C82-2445-413D-851F-7094A77067ED} = {6C9086ED-2A0D-4DCA-A2C6-1AEC9A0D4653}
		{7E7F4405-56D9-4A9B-A5A7-5134B05EBDEB} = {6C9086ED-2A0D-4DCA-A2C6-1AEC9A0D4653}
		{E458FBF7-6F9B-4063-B7CF-7F38D4D2CE13} = {D55C8A33-AB3D-49CF-A248-70E34C031CFE}
		{DEF9D9F7-8DC1-473E-9117-796605A475AF} = {D55C8A33-AB3D-49CF-A248-70E34C031CFE}
		{927EF0E1-0425-4574-8E98-2245EEDA3042} = {D55C8A33-AB3D-49CF-A248-70E34C031CFE}
		{9AF7663C-098A-4B8B-9F0B-31B7018A30A6} = {D55C8A33-AB3D-49CF-A248-70E34C031CFE}
		{B7BEAC32-B1F3-4B54-B7D6-2D0BDD881914} = {FA6E5EEC-C42B-4BBC-9B51-49D90B3A86A8}
		{5A9DBDE6-AEAD-4F4B-B322-D7D2BC484C0D} = {FA6E5EEC-C42B-4BBC-9B51-49D90B3A86A8}
		{6EF6C455-63AE-4A50-A9D6-A38AD9D7223E} = {FA6E5EEC-C42B-4BBC-9B51-49D90B3A86A8}
		{5497EC99-30FA-4D60-9323-64ED8186FA4E} = {1F4020BE-FB99-487B-BC0C-B6174B95A603}
		{A93C6B4E-C57F-43C2-8D1B-2EF09AD25C43} = {C11C9DCD-4B42-45CD-B6F4-86D4E37B2BAA}
		{03139CBF-A089-4E24-BDFC-4D507FAAC996} = {23657B9B-CE5F-4F20-B8B3-4A398ED5E566}
	EndGlobalSection
	GlobalSection(ExtensibilityGlobals) = postSolution
		SolutionGuid = {5DBA69CE-4E02-4FDC-9328-84ADCE8F104F}
	EndGlobalSection
EndGlobal
